
Microsoft Visual Studio Solution File, Format Version 12.00
# Visual Studio 16
Project("{FAE04EC0-301F-11D3-BF4B-00C04F79EFBC}") = "PhotonUnityNetworking.Demos", "PhotonUnityNetworking.Demos.csproj", "{E7A30AB3-797F-6983-6013-BC714ED9180E}"
EndProject
Project("{FAE04EC0-301F-11D3-BF4B-00C04F79EFBC}") = "PhotonUnityNetworking.Utilities", "PhotonUnityNetworking.Utilities.csproj", "{CC33389F-546A-2CEB-186B-46F035CAC73B}"
EndProject
Project("{FAE04EC0-301F-11D3-BF4B-00C04F79EFBC}") = "PhotonChat", "PhotonChat.csproj", "{7CC20B14-4C7E-5095-9DA2-00472E2C86CD}"
EndProject
Project("{FAE04EC0-301F-11D3-BF4B-00C04F79EFBC}") = "PhotonUnityNetworking", "PhotonUnityNetworking.csproj", "{342CF199-98C7-3F4B-7550-B9DCDD04044D}"
EndProject
Project("{FAE04EC0-301F-11D3-BF4B-00C04F79EFBC}") = "Assembly-CSharp", "Assembly-CSharp.csproj", "{ABE31C65-23EB-3865-0086-388086E3E1FF}"
EndProject
Project("{FAE04EC0-301F-11D3-BF4B-00C04F79EFBC}") = "PhotonRealtime", "PhotonRealtime.csproj", "{6D181452-5AFD-00F5-2ABC-343F03EDA8C4}"
EndProject
Project("{FAE04EC0-301F-11D3-BF4B-00C04F79EFBC}") = "PhotonWebSocket", "PhotonWebSocket.csproj", "{1B6E7CC6-6FB1-0B69-876B-28A97F9A9FA4}"
EndProject
Project("{FAE04EC0-301F-11D3-BF4B-00C04F79EFBC}") = "PhotonUnityNetworking.Editor", "PhotonUnityNetworking.Editor.csproj", "{683B2575-237F-172D-2F76-F854473135A4}"
EndProject
Project("{FAE04EC0-301F-11D3-BF4B-00C04F79EFBC}") = "PunDemos.DemoHubEditor", "PunDemos.DemoHubEditor.csproj", "{3145BAB5-397D-861D-7D5A-67B1586FEF37}"
EndProject
Project("{FAE04EC0-301F-11D3-BF4B-00C04F79EFBC}") = "PhotonUnityNetworking.Utilities.PhotonPlayer.Editor", "PhotonUnityNetworking.Utilities.PhotonPlayer.Editor.csproj", "{28739C94-A7D0-1D0D-32B5-8552CE639FF7}"
EndProject
Project("{FAE04EC0-301F-11D3-BF4B-00C04F79EFBC}") = "PhotonUnityNetworking.Utilities.Culling.Editor", "PhotonUnityNetworking.Utilities.Culling.Editor.csproj", "{9C467734-A1C5-C9AA-1B81-DC1EE48F323A}"
EndProject
Project("{FAE04EC0-301F-11D3-BF4B-00C04F79EFBC}") = "PunDemos.DemoSlotcarEditor", "PunDemos.DemoSlotcarEditor.csproj", "{C0889454-15FB-3996-D05E-9EAC99C6DC8A}"
EndProject
Global
	GlobalSection(SolutionConfigurationPlatforms) = preSolution
		Debug|Any CPU = Debug|Any CPU
		Release|Any CPU = Release|Any CPU
	EndGlobalSection
	GlobalSection(ProjectConfigurationPlatforms) = postSolution
		{E7A30AB3-797F-6983-6013-BC714ED9180E}.Debug|Any CPU.ActiveCfg = Debug|Any CPU
		{E7A30AB3-797F-6983-6013-BC714ED9180E}.Debug|Any CPU.Build.0 = Debug|Any CPU
		{E7A30AB3-797F-6983-6013-BC714ED9180E}.Release|Any CPU.ActiveCfg = Release|Any CPU
		{E7A30AB3-797F-6983-6013-BC714ED9180E}.Release|Any CPU.Build.0 = Release|Any CPU
		{CC33389F-546A-2CEB-186B-46F035CAC73B}.Debug|Any CPU.ActiveCfg = Debug|Any CPU
		{CC33389F-546A-2CEB-186B-46F035CAC73B}.Debug|Any CPU.Build.0 = Debug|Any CPU
		{CC33389F-546A-2CEB-186B-46F035CAC73B}.Release|Any CPU.ActiveCfg = Release|Any CPU
		{CC33389F-546A-2CEB-186B-46F035CAC73B}.Release|Any CPU.Build.0 = Release|Any CPU
		{7CC20B14-4C7E-5095-9DA2-00472E2C86CD}.Debug|Any CPU.ActiveCfg = Debug|Any CPU
		{7CC20B14-4C7E-5095-9DA2-00472E2C86CD}.Debug|Any CPU.Build.0 = Debug|Any CPU
		{7CC20B14-4C7E-5095-9DA2-00472E2C86CD}.Release|Any CPU.ActiveCfg = Release|Any CPU
		{7CC20B14-4C7E-5095-9DA2-00472E2C86CD}.Release|Any CPU.Build.0 = Release|Any CPU
		{342CF199-98C7-3F4B-7550-B9DCDD04044D}.Debug|Any CPU.ActiveCfg = Debug|Any CPU
		{342CF199-98C7-3F4B-7550-B9DCDD04044D}.Debug|Any CPU.Build.0 = Debug|Any CPU
		{342CF199-98C7-3F4B-7550-B9DCDD04044D}.Release|Any CPU.ActiveCfg = Release|Any CPU
		{342CF199-98C7-3F4B-7550-B9DCDD04044D}.Release|Any CPU.Build.0 = Release|Any CPU
		{ABE31C65-23EB-3865-0086-388086E3E1FF}.Debug|Any CPU.ActiveCfg = Debug|Any CPU
		{ABE31C65-23EB-3865-0086-388086E3E1FF}.Debug|Any CPU.Build.0 = Debug|Any CPU
		{ABE31C65-23EB-3865-0086-388086E3E1FF}.Release|Any CPU.ActiveCfg = Release|Any CPU
		{ABE31C65-23EB-3865-0086-388086E3E1FF}.Release|Any CPU.Build.0 = Release|Any CPU
		{6D181452-5AFD-00F5-2ABC-343F03EDA8C4}.Debug|Any CPU.ActiveCfg = Debug|Any CPU
		{6D181452-5AFD-00F5-2ABC-343F03EDA8C4}.Debug|Any CPU.Build.0 = Debug|Any CPU
		{6D181452-5AFD-00F5-2ABC-343F03EDA8C4}.Release|Any CPU.ActiveCfg = Release|Any CPU
		{6D181452-5AFD-00F5-2ABC-343F03EDA8C4}.Release|Any CPU.Build.0 = Release|Any CPU
		{1B6E7CC6-6FB1-0B69-876B-28A97F9A9FA4}.Debug|Any CPU.ActiveCfg = Debug|Any CPU
		{1B6E7CC6-6FB1-0B69-876B-28A97F9A9FA4}.Debug|Any CPU.Build.0 = Debug|Any CPU
		{1B6E7CC6-6FB1-0B69-876B-28A97F9A9FA4}.Release|Any CPU.ActiveCfg = Release|Any CPU
		{1B6E7CC6-6FB1-0B69-876B-28A97F9A9FA4}.Release|Any CPU.Build.0 = Release|Any CPU
		{683B2575-237F-172D-2F76-F854473135A4}.Debug|Any CPU.ActiveCfg = Debug|Any CPU
		{683B2575-237F-172D-2F76-F854473135A4}.Debug|Any CPU.Build.0 = Debug|Any CPU
		{683B2575-237F-172D-2F76-F854473135A4}.Release|Any CPU.ActiveCfg = Release|Any CPU
		{683B2575-237F-172D-2F76-F854473135A4}.Release|Any CPU.Build.0 = Release|Any CPU
		{3145BAB5-397D-861D-7D5A-67B1586FEF37}.Debug|Any CPU.ActiveCfg = Debug|Any CPU
		{3145BAB5-397D-861D-7D5A-67B1586FEF37}.Debug|Any CPU.Build.0 = Debug|Any CPU
		{3145BAB5-397D-861D-7D5A-67B1586FEF37}.Release|Any CPU.ActiveCfg = Release|Any CPU
		{3145BAB5-397D-861D-7D5A-67B1586FEF37}.Release|Any CPU.Build.0 = Release|Any CPU
		{28739C94-A7D0-1D0D-32B5-8552CE639FF7}.Debug|Any CPU.ActiveCfg = Debug|Any CPU
		{28739C94-A7D0-1D0D-32B5-8552CE639FF7}.Debug|Any CPU.Build.0 = Debug|Any CPU
		{28739C94-A7D0-1D0D-32B5-8552CE639FF7}.Release|Any CPU.ActiveCfg = Release|Any CPU
		{28739C94-A7D0-1D0D-32B5-8552CE639FF7}.Release|Any CPU.Build.0 = Release|Any CPU
		{9C467734-A1C5-C9AA-1B81-DC1EE48F323A}.Debug|Any CPU.ActiveCfg = Debug|Any CPU
		{9C467734-A1C5-C9AA-1B81-DC1EE48F323A}.Debug|Any CPU.Build.0 = Debug|Any CPU
		{9C467734-A1C5-C9AA-1B81-DC1EE48F323A}.Release|Any CPU.ActiveCfg = Release|Any CPU
		{9C467734-A1C5-C9AA-1B81-DC1EE48F323A}.Release|Any CPU.Build.0 = Release|Any CPU
		{C0889454-15FB-3996-D05E-9EAC99C6DC8A}.Debug|Any CPU.ActiveCfg = Debug|Any CPU
		{C0889454-15FB-3996-D05E-9EAC99C6DC8A}.Debug|Any CPU.Build.0 = Debug|Any CPU
		{C0889454-15FB-3996-D05E-9EAC99C6DC8A}.Release|Any CPU.ActiveCfg = Release|Any CPU
		{C0889454-15FB-3996-D05E-9EAC99C6DC8A}.Release|Any CPU.Build.0 = Release|Any CPU
	EndGlobalSection
	GlobalSection(SolutionProperties) = preSolution
		HideSolutionNode = FALSE
	EndGlobalSection
EndGlobal
